// !$*UTF8*$!
{
	archiveVersion = 1;
	classes = {
	};
	objectVersion = 46;
	objects = {

/* Begin PBXBuildFile section */
		522306941E11197600617EB2 /* main.m in Sources */ = {isa = PBXBuildFile; fileRef = 522306931E11197600617EB2 /* main.m */; };
		522306971E11197600617EB2 /* AppDelegate.m in Sources */ = {isa = PBXBuildFile; fileRef = 522306961E11197600617EB2 /* AppDelegate.m */; };
		5223069A1E11197600617EB2 /* ViewController.m in Sources */ = {isa = PBXBuildFile; fileRef = 522306991E11197600617EB2 /* ViewController.m */; };
		5223069D1E11197600617EB2 /* Main.storyboard in Resources */ = {isa = PBXBuildFile; fileRef = 5223069B1E11197600617EB2 /* Main.storyboard */; };
		5223069F1E11197600617EB2 /* Assets.xcassets in Resources */ = {isa = PBXBuildFile; fileRef = 5223069E1E11197600617EB2 /* Assets.xcassets */; };
		522306A21E11197600617EB2 /* LaunchScreen.storyboard in Resources */ = {isa = PBXBuildFile; fileRef = 522306A01E11197600617EB2 /* LaunchScreen.storyboard */; };
/* End PBXBuildFile section */

/* Begin PBXFileReference section */
		5223068F1E11197600617EB2 /* text2.app */ = {isa = PBXFileReference; explicitFileType = wrapper.application; includeInIndex = 0; path = text2.app; sourceTree = BUILT_PRODUCTS_DIR; };
		522306931E11197600617EB2 /* main.m */ = {isa = PBXFileReference; lastKnownFileType = sourcecode.c.objc; path = main.m; sourceTree = "<group>"; };
		522306951E11197600617EB2 /* AppDelegate.h */ = {isa = PBXFileReference; lastKnownFileType = sourcecode.c.h; path = AppDelegate.h; sourceTree = "<group>"; };
		522306961E11197600617EB2 /* AppDelegate.m */ = {isa = PBXFileReference; lastKnownFileType = sourcecode.c.objc; path = AppDelegate.m; sourceTree = "<group>"; };
		522306981E11197600617EB2 /* ViewController.h */ = {isa = PBXFileReference; lastKnownFileType = sourcecode.c.h; path = ViewController.h; sourceTree = "<group>"; };
		522306991E11197600617EB2 /* ViewController.m */ = {isa = PBXFileReference; lastKnownFileType = sourcecode.c.objc; path = ViewController.m; sourceTree = "<group>"; };
		5223069C1E11197600617EB2 /* Base */ = {isa = PBXFileReference; lastKnownFileType = file.storyboard; name = Base; path = Base.lproj/Main.storyboard; sourceTree = "<group>"; };
		5223069E1E11197600617EB2 /* Assets.xcassets */ = {isa = PBXFileReference; lastKnownFileType = folder.assetcatalog; path = Assets.xcassets; sourceTree = "<group>"; };
		522306A11E11197600617EB2 /* Base */ = {isa = PBXFileReference; lastKnownFileType = file.storyboard; name = Base; path = Base.lproj/LaunchScreen.storyboard; sourceTree = "<group>"; };
		522306A31E11197600617EB2 /* Info.plist */ = {isa = PBXFileReference; lastKnownFileType = text.plist.xml; path = Info.plist; sourceTree = "<group>"; };
/* End PBXFileReference section */

/* Begin PBXFrameworksBuildPhase section */
		5223068C1E11197600617EB2 /* Frameworks */ = {
			isa = PBXFrameworksBuildPhase;
			buildActionMask = 2147483647;
			files = (
			);
			runOnlyForDeploymentPostprocessing = 0;
		};
/* End PBXFrameworksBuildPhase section */

/* Begin PBXGroup section */
		522306861E11197600617EB2 = {
			isa = PBXGroup;
			children = (
				522306911E11197600617EB2 /* text2 */,
				522306901E11197600617EB2 /* Products */,
			);
			sourceTree = "<group>";
		};
		522306901E11197600617EB2 /* Products */ = {
			isa = PBXGroup;
			children = (
				5223068F1E11197600617EB2 /* text2.app */,
			);
			name = Products;
			sourceTree = "<group>";
		};
		522306911E11197600617EB2 /* text2 */ = {
			isa = PBXGroup;
			children = (
				522306951E11197600617EB2 /* AppDelegate.h */,
				522306961E11197600617EB2 /* AppDelegate.m */,
				522306981E11197600617EB2 /* ViewController.h */,
				522306991E11197600617EB2 /* ViewController.m */,
				5223069B1E11197600617EB2 /* Main.storyboard */,
				5223069E1E11197600617EB2 /* Assets.xcassets */,
				522306A01E11197600617EB2 /* LaunchScreen.storyboard */,
				522306A31E11197600617EB2 /* Info.plist */,
				522306921E11197600617EB2 /* Supporting Files */,
			);
			path = text2;
			sourceTree = "<group>";
		};
		522306921E11197600617EB2 /* Supporting Files */ = {
			isa = PBXGroup;
			children = (
				522306931E11197600617EB2 /* main.m */,
			);
			name = "Supporting Files";
			sourceTree = "<group>";
		};
/* End PBXGroup section */

/* Begin PBXNativeTarget section */
		5223068E1E11197600617EB2 /* text2 */ = {
			isa = PBXNativeTarget;
			buildConfigurationList = 522306A61E11197600617EB2 /* Build configuration list for PBXNativeTarget "text2" */;
			buildPhases = (
				5223068B1E11197600617EB2 /* Sources */,
				5223068C1E11197600617EB2 /* Frameworks */,
				5223068D1E11197600617EB2 /* Resources */,
			);
			buildRules = (
			);
			dependencies = (
			);
			name = text2;
			productName = text2;
			productReference = 5223068F1E11197600617EB2 /* text2.app */;
			productType = "com.apple.product-type.application";
		};
/* End PBXNativeTarget section */

/* Begin PBXProject section */
		522306871E11197600617EB2 /* Project object */ = {
			isa = PBXProject;
			attributes = {
				LastUpgradeCheck = 0810;
				ORGANIZATIONNAME = "赵一春";
				TargetAttributes = {
					5223068E1E11197600617EB2 = {
						CreatedOnToolsVersion = 8.1;
						ProvisioningStyle = Automatic;
					};
				};
			};
			buildConfigurationList = 5223068A1E11197600617EB2 /* Build configuration list for PBXProject "text2" */;
			compatibilityVersion = "Xcode 3.2";
			developmentRegion = English;
			hasScannedForEncodings = 0;
			knownRegions = (
				en,
				Base,
			);
			mainGroup = 522306861E11197600617EB2;
			productRefGroup = 522306901E11197600617EB2 /* Products */;
			projectDirPath = "";
			projectRoot = "";
			targets = (
				5223068E1E11197600617EB2 /* text2 */,
			);
		};
/* End PBXProject section */

/* Begin PBXResourcesBuildPhase section */
		5223068D1E11197600617EB2 /* Resources */ = {
			isa = PBXResourcesBuildPhase;
			buildActionMask = 2147483647;
			files = (
				522306A21E11197600617EB2 /* LaunchScreen.storyboard in Resources */,
				5223069F1E11197600617EB2 /* Assets.xcassets in Resources */,
				5223069D1E11197600617EB2 /* Main.storyboard in Resources */,
			);
			runOnlyForDeploymentPostprocessing = 0;
		};
/* End PBXResourcesBuildPhase section */

/* Begin PBXSourcesBuildPhase section */
		5223068B1E11197600617EB2 /* Sources */ = {
			isa = PBXSourcesBuildPhase;
			buildActionMask = 2147483647;
			files = (
				5223069A1E11197600617EB2 /* ViewController.m in Sources */,
				522306971E11197600617EB2 /* AppDelegate.m in Sources */,
				522306941E11197600617EB2 /* main.m in Sources */,
			);
			runOnlyForDeploymentPostprocessing = 0;
		};
/* End PBXSourcesBuildPhase section */

/* Begin PBXVariantGroup section */
		5223069B1E11197600617EB2 /* Main.storyboard */ = {
			isa = PBXVariantGroup;
			children = (
				5223069C1E11197600617EB2 /* Base */,
			);
			name = Main.storyboard;
			sourceTree = "<group>";
		};
		522306A01E11197600617EB2 /* LaunchScreen.storyboard */ = {
			isa = PBXVariantGroup;
			children = (
				522306A11E11197600617EB2 /* Base */,
			);
			name = LaunchScreen.storyboard;
			sourceTree = "<group>";
		};
/* End PBXVariantGroup section */

/* Begin XCBuildConfiguration section */
		522306A41E11197600617EB2 /* Debug */ = {
			isa = XCBuildConfiguration;
			buildSettings = {
				ALWAYS_SEARCH_USER_PATHS = NO;
				CLANG_ANALYZER_NONNULL = YES;
				CLANG_CXX_LANGUAGE_STANDARD = "gnu++0x";
				CLANG_CXX_LIBRARY = "libc++";
				CLANG_ENABLE_MODULES = YES;
				CLANG_ENABLE_OBJC_ARC = YES;
				CLANG_WARN_BOOL_CONVERSION = YES;
				CLANG_WARN_CONSTANT_CONVERSION = YES;
				CLANG_WARN_DIRECT_OBJC_ISA_USAGE = YES_ERROR;
				CLANG_WARN_DOCUMENTATION_COMMENTS = YES;
				CLANG_WARN_EMPTY_BODY = YES;
				CLANG_WARN_ENUM_CONVERSION = YES;
				CLANG_WARN_INFINITE_RECURSION = YES;
				CLANG_WARN_INT_CONVERSION = YES;
				CLANG_WARN_OBJC_ROOT_CLASS = YES_ERROR;
				CLANG_WARN_SUSPICIOUS_MOVES = YES;
				CLANG_WARN_UNREACHABLE_CODE = YES;
				CLANG_WARN__DUPLICATE_METHOD_MATCH = YES;
				"CODE_SIGN_IDENTITY[sdk=iphoneos*]" = "iPhone Developer";
				COPY_PHASE_STRIP = NO;
				DEBUG_INFORMATION_FORMAT = dwarf;
				ENABLE_STRICT_OBJC_MSGSEND = YES;
				ENABLE_TESTABILITY = YES;
				GCC_C_LANGUAGE_STANDARD = gnu99;
				GCC_DYNAMIC_NO_PIC = NO;
				GCC_NO_COMMON_BLOCKS = YES;
				GCC_OPTIMIZATION_LEVEL = 0;
				GCC_PREPROCESSOR_DEFINITIONS = (
					"DEBUG=1",
					"$(inherited)",
				);
				GCC_WARN_64_TO_32_BIT_CONVERSION = YES;
				GCC_WARN_ABOUT_RETURN_TYPE = YES_ERROR;
				GCC_WARN_UNDECLARED_SELECTOR = YES;
				GCC_WARN_UNINITIALIZED_AUTOS = YES_AGGRESSIVE;
				GCC_WARN_UNUSED_FUNCTION = YES;
				GCC_WARN_UNUSED_VARIABLE = YES;
				IPHONEOS_DEPLOYMENT_TARGET = 10.1;
				MTL_ENABLE_DEBUG_INFO = YES;
				ONLY_ACTIVE_ARCH = YES;
				SDKROOT = iphoneos;
			};
			name = Debug;
		};
		522306A51E11197600617EB2 /* Release */ = {
			isa = XCBuildConfiguration;
			buildSettings = {
				ALWAYS_SEARCH_USER_PATHS = NO;
				CLANG_ANALYZER_NONNULL = YES;
				CLANG_CXX_LANGUAGE_STANDARD = "gnu++0x";
				CLANG_CXX_LIBRARY = "libc++";
				CLANG_ENABLE_MODULES = YES;
				CLANG_ENABLE_OBJC_ARC = YES;
				CLANG_WARN_BOOL_CONVERSION = YES;
				CLANG_WARN_CONSTANT_CONVERSION = YES;
				CLANG_WARN_DIRECT_OBJC_ISA_USAGE = YES_ERROR;
				CLANG_WARN_DOCUMENTATION_COMMENTS = YES;
				CLANG_WARN_EMPTY_BODY = YES;
				CLANG_WARN_ENUM_CONVERSION = YES;
				CLANG_WARN_INFINITE_RECURSION = YES;
				CLANG_WARN_INT_CONVERSION = YES;
				CLANG_WARN_OBJC_ROOT_CLASS = YES_ERROR;
				CLANG_WARN_SUSPICIOUS_MOVES = YES;
				CLANG_WARN_UNREACHABLE_CODE = YES;
				CLANG_WARN__DUPLICATE_METHOD_MATCH = YES;
				"CODE_SIGN_IDENTITY[sdk=iphoneos*]" = "iPhone Developer";
				COPY_PHASE_STRIP = NO;
				DEBUG_INFORMATION_FORMAT = "dwarf-with-dsym";
				ENABLE_NS_ASSERTIONS = NO;
				ENABLE_STRICT_OBJC_MSGSEND = YES;
				GCC_C_LANGUAGE_STANDARD = gnu99;
				GCC_NO_COMMON_BLOCKS = YES;
				GCC_WARN_64_TO_32_BIT_CONVERSION = YES;
				GCC_WARN_ABOUT_RETURN_TYPE = YES_ERROR;
				GCC_WARN_UNDECLARED_SELECTOR = YES;
				GCC_WARN_UNINITIALIZED_AUTOS = YES_AGGRESSIVE;
				GCC_WARN_UNUSED_FUNCTION = YES;
				GCC_WARN_UNUSED_VARIABLE = YES;
				IPHONEOS_DEPLOYMENT_TARGET = 10.1;
				MTL_ENABLE_DEBUG_INFO = NO;
				SDKROOT = iphoneos;
				VALIDATE_PRODUCT = YES;
			};
			name = Release;
		};
		522306A71E11197600617EB2 /* Debug */ = {
			isa = XCBuildConfiguration;
			buildSettings = {
				ASSETCATALOG_COMPILER_APPICON_NAME = AppIcon;
				INFOPLIST_FILE = text2/Info.plist;
				LD_RUNPATH_SEARCH_PATHS = "$(inherited) @executable_path/Frameworks";
				PRODUCT_BUNDLE_IDENTIFIER = com.didi.Blocks.text2;
				PRODUCT_NAME = "$(TARGET_NAME)";
			};
			name = Debug;
		};
		522306A81E11197600617EB2 /* Release */ = {
			isa = XCBuildConfiguration;
			buildSettings = {
				ASSETCATALOG_COMPILER_APPICON_NAME = AppIcon;
				INFOPLIST_FILE = text2/Info.plist;
				LD_RUNPATH_SEARCH_PATHS = "$(inherited) @executable_path/Frameworks";
				PRODUCT_BUNDLE_IDENTIFIER = com.didi.Blocks.text2;
				PRODUCT_NAME = "$(TARGET_NAME)";
			};
			name = Release;
		};
/* End XCBuildConfiguration section */

/* Begin XCConfigurationList section */
		5223068A1E11197600617EB2 /* Build configuration list for PBXProject "text2" */ = {
			isa = XCConfigurationList;
			buildConfigurations = (
				522306A41E11197600617EB2 /* Debug */,
				522306A51E11197600617EB2 /* Release */,
			);
			defaultConfigurationIsVisible = 0;
			defaultConfigurationName = Release;
		};
		522306A61E11197600617EB2 /* Build configuration list for PBXNativeTarget "text2" */ = {
			isa = XCConfigurationList;
			buildConfigurations = (
				522306A71E11197600617EB2 /* Debug */,
				522306A81E11197600617EB2 /* Release */,
			);
			defaultConfigurationIsVisible = 0;
		};
/* End XCConfigurationList section */
	};
	rootObject = 522306871E11197600617EB2 /* Project object */;
}
